
Microsoft Visual Studio Solution File, Format Version 12.00
# Visual Studio Version 16
VisualStudioVersion = 16.0.30114.105
MinimumVisualStudioVersion = 10.0.40219.1
Project("{FAE04EC0-301F-11D3-BF4B-00C04F79EFBC}") = "Concurrency", "Concurrency\Concurrency.csproj", "{7F6CE1DD-9D3C-4284-8B11-05B11E0DCB46}"
EndProject
Project("{FAE04EC0-301F-11D3-BF4B-00C04F79EFBC}") = "ConcurrencyApi", "ConcurrencyApi\ConcurrencyApi.csproj", "{A768259A-1A70-4C9B-B613-08E941C0C95D}"
EndProject
Project("{FAE04EC0-301F-11D3-BF4B-00C04F79EFBC}") = "ConcurrencyTest", "ConcurrencyTest\ConcurrencyTest.csproj", "{5166FF3E-E848-4161-8240-44B49E52DF87}"
EndProject
Global
	GlobalSection(SolutionConfigurationPlatforms) = preSolution
		Debug|Any CPU = Debug|Any CPU
		Release|Any CPU = Release|Any CPU
	EndGlobalSection
	GlobalSection(SolutionProperties) = preSolution
		HideSolutionNode = FALSE
	EndGlobalSection
	GlobalSection(ProjectConfigurationPlatforms) = postSolution
		{7F6CE1DD-9D3C-4284-8B11-05B11E0DCB46}.Debug|Any CPU.ActiveCfg = Debug|Any CPU
		{7F6CE1DD-9D3C-4284-8B11-05B11E0DCB46}.Debug|Any CPU.Build.0 = Debug|Any CPU
		{7F6CE1DD-9D3C-4284-8B11-05B11E0DCB46}.Release|Any CPU.ActiveCfg = Release|Any CPU
		{7F6CE1DD-9D3C-4284-8B11-05B11E0DCB46}.Release|Any CPU.Build.0 = Release|Any CPU
		{A768259A-1A70-4C9B-B613-08E941C0C95D}.Debug|Any CPU.ActiveCfg = Debug|Any CPU
		{A768259A-1A70-4C9B-B613-08E941C0C95D}.Debug|Any CPU.Build.0 = Debug|Any CPU
		{A768259A-1A70-4C9B-B613-08E941C0C95D}.Release|Any CPU.ActiveCfg = Release|Any CPU
		{A768259A-1A70-4C9B-B613-08E941C0C95D}.Release|Any CPU.Build.0 = Release|Any CPU
		{5166FF3E-E848-4161-8240-44B49E52DF87}.Debug|Any CPU.ActiveCfg = Debug|Any CPU
		{5166FF3E-E848-4161-8240-44B49E52DF87}.Debug|Any CPU.Build.0 = Debug|Any CPU
		{5166FF3E-E848-4161-8240-44B49E52DF87}.Release|Any CPU.ActiveCfg = Release|Any CPU
		{5166FF3E-E848-4161-8240-44B49E52DF87}.Release|Any CPU.Build.0 = Release|Any CPU
	EndGlobalSection
EndGlobal
